
Microsoft Visual Studio Solution File, Format Version 12.00
# Visual Studio Version 17
VisualStudioVersion = 17.1.32414.318
MinimumVisualStudioVersion = 10.0.40219.1
Project("{9A19103F-16F7-4668-BE54-9A1E7A4F7556}") = "StatementsDemo", "StatementsDemo\StatementsDemo.csproj", "{4A12ACF9-AE1C-4D3F-A47F-7457CD1A6392}"
EndProject
Project("{9A19103F-16F7-4668-BE54-9A1E7A4F7556}") = "ExceptionHandlingDemo", "ExceptionHandlingDemo\ExceptionHandlingDemo.csproj", "{BE306593-D67F-43DD-B242-4020D5904556}"
EndProject
Project("{9A19103F-16F7-4668-BE54-9A1E7A4F7556}") = "StringManipulations", "StringManipulations\StringManipulations.csproj", "{32890F9B-B45C-4E99-AD8C-A361270EAEF1}"
EndProject
Project("{FAE04EC0-301F-11D3-BF4B-00C04F79EFBC}") = "ClassesAndObjects", "ClassesAndObjects\ClassesAndObjects.csproj", "{0C3AF66A-9438-413A-B75D-B4FE7ED7BFB9}"
EndProject
Global
	GlobalSection(SolutionConfigurationPlatforms) = preSolution
		Debug|Any CPU = Debug|Any CPU
		Release|Any CPU = Release|Any CPU
	EndGlobalSection
	GlobalSection(ProjectConfigurationPlatforms) = postSolution
		{4A12ACF9-AE1C-4D3F-A47F-7457CD1A6392}.Debug|Any CPU.ActiveCfg = Debug|Any CPU
		{4A12ACF9-AE1C-4D3F-A47F-7457CD1A6392}.Debug|Any CPU.Build.0 = Debug|Any CPU
		{4A12ACF9-AE1C-4D3F-A47F-7457CD1A6392}.Release|Any CPU.ActiveCfg = Release|Any CPU
		{4A12ACF9-AE1C-4D3F-A47F-7457CD1A6392}.Release|Any CPU.Build.0 = Release|Any CPU
		{BE306593-D67F-43DD-B242-4020D5904556}.Debug|Any CPU.ActiveCfg = Debug|Any CPU
		{BE306593-D67F-43DD-B242-4020D5904556}.Debug|Any CPU.Build.0 = Debug|Any CPU
		{BE306593-D67F-43DD-B242-4020D5904556}.Release|Any CPU.ActiveCfg = Release|Any CPU
		{BE306593-D67F-43DD-B242-4020D5904556}.Release|Any CPU.Build.0 = Release|Any CPU
		{32890F9B-B45C-4E99-AD8C-A361270EAEF1}.Debug|Any CPU.ActiveCfg = Debug|Any CPU
		{32890F9B-B45C-4E99-AD8C-A361270EAEF1}.Debug|Any CPU.Build.0 = Debug|Any CPU
		{32890F9B-B45C-4E99-AD8C-A361270EAEF1}.Release|Any CPU.ActiveCfg = Release|Any CPU
		{32890F9B-B45C-4E99-AD8C-A361270EAEF1}.Release|Any CPU.Build.0 = Release|Any CPU
		{0C3AF66A-9438-413A-B75D-B4FE7ED7BFB9}.Debug|Any CPU.ActiveCfg = Debug|Any CPU
		{0C3AF66A-9438-413A-B75D-B4FE7ED7BFB9}.Debug|Any CPU.Build.0 = Debug|Any CPU
		{0C3AF66A-9438-413A-B75D-B4FE7ED7BFB9}.Release|Any CPU.ActiveCfg = Release|Any CPU
		{0C3AF66A-9438-413A-B75D-B4FE7ED7BFB9}.Release|Any CPU.Build.0 = Release|Any CPU
	EndGlobalSection
	GlobalSection(SolutionProperties) = preSolution
		HideSolutionNode = FALSE
	EndGlobalSection
	GlobalSection(ExtensibilityGlobals) = postSolution
		SolutionGuid = {EE1FE0CB-A54F-4552-9E7E-00775E4DDFD2}
	EndGlobalSection
EndGlobal
